
Microsoft Visual Studio Solution File, Format Version 12.00
# Visual Studio Version 16
VisualStudioVersion = 16.0.30011.22
MinimumVisualStudioVersion = 10.0.40219.1
Project("{FAE04EC0-301F-11D3-BF4B-00C04F79EFBC}") = "Scala.JarenEnSeizoenen.WPF", "Scala.JarenEnSeizoenen.WPF\Scala.JarenEnSeizoenen.WPF.csproj", "{C952E51F-CE2A-4590-9CAC-959ACEFF5796}"
EndProject
Global
	GlobalSection(SolutionConfigurationPlatforms) = preSolution
		Debug|Any CPU = Debug|Any CPU
		Release|Any CPU = Release|Any CPU
	EndGlobalSection
	GlobalSection(ProjectConfigurationPlatforms) = postSolution
		{C952E51F-CE2A-4590-9CAC-959ACEFF5796}.Debug|Any CPU.ActiveCfg = Debug|Any CPU
		{C952E51F-CE2A-4590-9CAC-959ACEFF5796}.Debug|Any CPU.Build.0 = Debug|Any CPU
		{C952E51F-CE2A-4590-9CAC-959ACEFF5796}.Release|Any CPU.ActiveCfg = Release|Any CPU
		{C952E51F-CE2A-4590-9CAC-959ACEFF5796}.Release|Any CPU.Build.0 = Release|Any CPU
	EndGlobalSection
	GlobalSection(SolutionProperties) = preSolution
		HideSolutionNode = FALSE
	EndGlobalSection
	GlobalSection(ExtensibilityGlobals) = postSolution
		SolutionGuid = {7C0222EC-6788-41F8-8EDB-5F509B72F695}
	EndGlobalSection
EndGlobal
